{
  "originHash" : "a3254d487e44004e6fe14aaf3a2840641739696a8d3c85e53e06641486e40c38",
  "pins" : [
    {
      "identity" : "core",
      "kind" : "remoteSourceControl",
      "location" : "https://github.com/rakeshashastri/Core.git",
      "state" : {
        "revision" : "cbc55478dcb7bd8d9bf6b7d4ac5c46bfe0beb8fa",
        "version" : "0.1.4"
      }
    }
  ],
  "version" : 3
}
