{
  "originHash" : "a3254d487e44004e6fe14aaf3a2840641739696a8d3c85e53e06641486e40c38",
  "pins" : [
    {
      "identity" : "core",
      "kind" : "remoteSourceControl",
      "location" : "https://github.com/rakeshashastri/Core.git",
      "state" : {
        "revision" : "f580dd304ceab58a90b188ebf734c1126ab95019",
        "version" : "0.1.1"
      }
    }
  ],
  "version" : 3
}
